
Microsoft Visual Studio Solution File, Format Version 12.00
# Visual Studio 14
VisualStudioVersion = 14.0.24720.0
MinimumVisualStudioVersion = 10.0.40219.1
Project("{FAE04EC0-301F-11D3-BF4B-00C04F79EFBC}") = "WPF.CommonDataGrid", "WPF.CommonDataGrid\WPF.CommonDataGrid.csproj", "{E2BC5EC6-A226-4F31-9A09-2AFB78CAED41}"
EndProject
Project("{FAE04EC0-301F-11D3-BF4B-00C04F79EFBC}") = "WPF.TestUI", "WPF.TestUI\WPF.TestUI.csproj", "{DB327708-C591-4EB8-8264-8A7100A3F6A8}"
EndProject
Global
	GlobalSection(SolutionConfigurationPlatforms) = preSolution
		Debug|Any CPU = Debug|Any CPU
		Release|Any CPU = Release|Any CPU
	EndGlobalSection
	GlobalSection(ProjectConfigurationPlatforms) = postSolution
		{E2BC5EC6-A226-4F31-9A09-2AFB78CAED41}.Debug|Any CPU.ActiveCfg = Debug|Any CPU
		{E2BC5EC6-A226-4F31-9A09-2AFB78CAED41}.Debug|Any CPU.Build.0 = Debug|Any CPU
		{E2BC5EC6-A226-4F31-9A09-2AFB78CAED41}.Release|Any CPU.ActiveCfg = Release|Any CPU
		{E2BC5EC6-A226-4F31-9A09-2AFB78CAED41}.Release|Any CPU.Build.0 = Release|Any CPU
		{DB327708-C591-4EB8-8264-8A7100A3F6A8}.Debug|Any CPU.ActiveCfg = Debug|Any CPU
		{DB327708-C591-4EB8-8264-8A7100A3F6A8}.Debug|Any CPU.Build.0 = Debug|Any CPU
		{DB327708-C591-4EB8-8264-8A7100A3F6A8}.Release|Any CPU.ActiveCfg = Release|Any CPU
		{DB327708-C591-4EB8-8264-8A7100A3F6A8}.Release|Any CPU.Build.0 = Release|Any CPU
	EndGlobalSection
	GlobalSection(SolutionProperties) = preSolution
		HideSolutionNode = FALSE
	EndGlobalSection
EndGlobal
